
Microsoft Visual Studio Solution File, Format Version 12.00
# Visual Studio 15
VisualStudioVersion = 15.0.27428.2037
MinimumVisualStudioVersion = 10.0.40219.1
Project("{FAE04EC0-301F-11D3-BF4B-00C04F79EFBC}") = "GoomezTerminal", "src\terminal\GoomezTerminal\GoomezTerminal.csproj", "{BFDB24DB-0425-493A-825A-CB2503846D17}"
EndProject
Global
	GlobalSection(SolutionConfigurationPlatforms) = preSolution
		Debug|Any CPU = Debug|Any CPU
		Release|Any CPU = Release|Any CPU
	EndGlobalSection
	GlobalSection(ProjectConfigurationPlatforms) = postSolution
		{BFDB24DB-0425-493A-825A-CB2503846D17}.Debug|Any CPU.ActiveCfg = Debug|Any CPU
		{BFDB24DB-0425-493A-825A-CB2503846D17}.Debug|Any CPU.Build.0 = Debug|Any CPU
		{BFDB24DB-0425-493A-825A-CB2503846D17}.Release|Any CPU.ActiveCfg = Release|Any CPU
		{BFDB24DB-0425-493A-825A-CB2503846D17}.Release|Any CPU.Build.0 = Release|Any CPU
	EndGlobalSection
	GlobalSection(SolutionProperties) = preSolution
		HideSolutionNode = FALSE
	EndGlobalSection
	GlobalSection(ExtensibilityGlobals) = postSolution
		SolutionGuid = {42C1467C-7717-44BB-AB4F-D400E9314E94}
	EndGlobalSection
EndGlobal
