
Microsoft Visual Studio Solution File, Format Version 12.00
# Visual Studio 15
VisualStudioVersion = 15.0.27130.2036
MinimumVisualStudioVersion = 10.0.40219.1
Project("{9A19103F-16F7-4668-BE54-9A1E7A4F7556}") = "GoomezCrawler", "src\client\GoomezCrawler\GoomezCrawler.csproj", "{8EDC0055-EEFC-4B2A-B983-3B887886EB19}"
EndProject
Project("{9A19103F-16F7-4668-BE54-9A1E7A4F7556}") = "GoomezIndexHelper", "src\common\GoomezIndexHelper\GoomezIndexHelper.csproj", "{199F7B83-8ADC-45D9-B06E-B450EC2D9974}"
EndProject
Global
	GlobalSection(SolutionConfigurationPlatforms) = preSolution
		Debug|Any CPU = Debug|Any CPU
		Release|Any CPU = Release|Any CPU
	EndGlobalSection
	GlobalSection(ProjectConfigurationPlatforms) = postSolution
		{8EDC0055-EEFC-4B2A-B983-3B887886EB19}.Debug|Any CPU.ActiveCfg = Debug|Any CPU
		{8EDC0055-EEFC-4B2A-B983-3B887886EB19}.Debug|Any CPU.Build.0 = Debug|Any CPU
		{8EDC0055-EEFC-4B2A-B983-3B887886EB19}.Release|Any CPU.ActiveCfg = Release|Any CPU
		{8EDC0055-EEFC-4B2A-B983-3B887886EB19}.Release|Any CPU.Build.0 = Release|Any CPU
		{199F7B83-8ADC-45D9-B06E-B450EC2D9974}.Debug|Any CPU.ActiveCfg = Debug|Any CPU
		{199F7B83-8ADC-45D9-B06E-B450EC2D9974}.Debug|Any CPU.Build.0 = Debug|Any CPU
		{199F7B83-8ADC-45D9-B06E-B450EC2D9974}.Release|Any CPU.ActiveCfg = Release|Any CPU
		{199F7B83-8ADC-45D9-B06E-B450EC2D9974}.Release|Any CPU.Build.0 = Release|Any CPU
	EndGlobalSection
	GlobalSection(SolutionProperties) = preSolution
		HideSolutionNode = FALSE
	EndGlobalSection
	GlobalSection(ExtensibilityGlobals) = postSolution
		SolutionGuid = {F43DC539-EF27-45AC-881C-2795B3BC9028}
	EndGlobalSection
EndGlobal
