
Microsoft Visual Studio Solution File, Format Version 12.00
# Visual Studio 15
VisualStudioVersion = 15.0.27130.2036
MinimumVisualStudioVersion = 10.0.40219.1
Project("{9A19103F-16F7-4668-BE54-9A1E7A4F7556}") = "GoomezReactJS", "src\web\GoomezReactJS\GoomezReactJS.csproj", "{B5D5F691-F97D-4FA2-B1AA-09482024FAD7}"
EndProject
Project("{FAE04EC0-301F-11D3-BF4B-00C04F79EFBC}") = "GoomezIndexHelper", "src\common\GoomezIndexHelper\GoomezIndexHelper.csproj", "{A3D6939D-F7DA-497D-866C-6A389EB2A34F}"
EndProject
Global
	GlobalSection(SolutionConfigurationPlatforms) = preSolution
		Debug|Any CPU = Debug|Any CPU
		Release|Any CPU = Release|Any CPU
	EndGlobalSection
	GlobalSection(ProjectConfigurationPlatforms) = postSolution
		{B5D5F691-F97D-4FA2-B1AA-09482024FAD7}.Debug|Any CPU.ActiveCfg = Debug|Any CPU
		{B5D5F691-F97D-4FA2-B1AA-09482024FAD7}.Debug|Any CPU.Build.0 = Debug|Any CPU
		{B5D5F691-F97D-4FA2-B1AA-09482024FAD7}.Release|Any CPU.ActiveCfg = Release|Any CPU
		{B5D5F691-F97D-4FA2-B1AA-09482024FAD7}.Release|Any CPU.Build.0 = Release|Any CPU
		{A3D6939D-F7DA-497D-866C-6A389EB2A34F}.Debug|Any CPU.ActiveCfg = Debug|Any CPU
		{A3D6939D-F7DA-497D-866C-6A389EB2A34F}.Debug|Any CPU.Build.0 = Debug|Any CPU
		{A3D6939D-F7DA-497D-866C-6A389EB2A34F}.Release|Any CPU.ActiveCfg = Release|Any CPU
		{A3D6939D-F7DA-497D-866C-6A389EB2A34F}.Release|Any CPU.Build.0 = Release|Any CPU
	EndGlobalSection
	GlobalSection(SolutionProperties) = preSolution
		HideSolutionNode = FALSE
	EndGlobalSection
	GlobalSection(ExtensibilityGlobals) = postSolution
		SolutionGuid = {F4326649-7593-440D-BAD9-88E1F6BC9545}
	EndGlobalSection
EndGlobal
